
Microsoft Visual Studio Solution File, Format Version 12.00
# Visual Studio Version 16
VisualStudioVersion = 16.0.30204.135
MinimumVisualStudioVersion = 10.0.40219.1
Project("{FAE04EC0-301F-11D3-BF4B-00C04F79EFBC}") = "BoxingMatch", "BoxingMatch\BoxingMatch.csproj", "{D2CD2913-EC56-432B-B1DA-94E24AA13334}"
EndProject
Global
	GlobalSection(SolutionConfigurationPlatforms) = preSolution
		Debug|Any CPU = Debug|Any CPU
		Release|Any CPU = Release|Any CPU
	EndGlobalSection
	GlobalSection(ProjectConfigurationPlatforms) = postSolution
		{D2CD2913-EC56-432B-B1DA-94E24AA13334}.Debug|Any CPU.ActiveCfg = Debug|Any CPU
		{D2CD2913-EC56-432B-B1DA-94E24AA13334}.Debug|Any CPU.Build.0 = Debug|Any CPU
		{D2CD2913-EC56-432B-B1DA-94E24AA13334}.Release|Any CPU.ActiveCfg = Release|Any CPU
		{D2CD2913-EC56-432B-B1DA-94E24AA13334}.Release|Any CPU.Build.0 = Release|Any CPU
	EndGlobalSection
	GlobalSection(SolutionProperties) = preSolution
		HideSolutionNode = FALSE
	EndGlobalSection
	GlobalSection(ExtensibilityGlobals) = postSolution
		SolutionGuid = {6C5B6220-45AC-4689-9675-C2F1D95BDC3E}
	EndGlobalSection
EndGlobal
